<?xml version="1.0" encoding="utf-8"?>
<Project ToolsVersion="4.0" xmlns="http://schemas.microsoft.com/developer/msbuild/2003">
  <ItemGroup>
    <Filter Include="源文件">
      <UniqueIdentifier>{4FC737F1-C7A5-4376-A066-2A32D752A2FF}</UniqueIdentifier>
      <Extensions>cpp;c;cc;cxx;c++;cppm;ixx;def;odl;idl;hpj;bat;asm;asmx</Extensions>
    </Filter>
    <Filter Include="头文件">
      <UniqueIdentifier>{93995380-89BD-4b04-88EB-625FBE52EBFB}</UniqueIdentifier>
      <Extensions>h;hh;hpp;hxx;h++;hm;inl;inc;ipp;xsd</Extensions>
    </Filter>
    <Filter Include="资源文件">
      <UniqueIdentifier>{67DA6AB6-F800-4c08-8B7A-83BB121AAD01}</UniqueIdentifier>
      <Extensions>rc;ico;cur;bmp;dlg;rc2;rct;bin;rgs;gif;jpg;jpeg;jpe;resx;tiff;tif;png;wav;mfcribbon-ms</Extensions>
    </Filter>
    <Filter Include="源文件\AC">
      <UniqueIdentifier>{08f16058-2250-41b6-8177-8348720a1eb6}</UniqueIdentifier>
    </Filter>
    <Filter Include="源文件\计划中">
      <UniqueIdentifier>{8e94480b-e39e-4250-87c2-9d0ec23b5369}</UniqueIdentifier>
    </Filter>
  </ItemGroup>
  <ItemGroup>
    <ClCompile Include="P1005_AC.cpp">
      <Filter>源文件\AC</Filter>
    </ClCompile>
    <ClCompile Include="P1012.cpp">
      <Filter>源文件\AC</Filter>
    </ClCompile>
    <ClCompile Include="P1028.cpp">
      <Filter>源文件\AC</Filter>
    </ClCompile>
    <ClCompile Include="P1198.cpp">
      <Filter>源文件\AC</Filter>
    </ClCompile>
    <ClCompile Include="P1351_20.cpp">
      <Filter>源文件\AC</Filter>
    </ClCompile>
    <ClCompile Include="P1351_AC.cpp">
      <Filter>源文件\AC</Filter>
    </ClCompile>
    <ClCompile Include="P1359.cpp">
      <Filter>源文件\AC</Filter>
    </ClCompile>
    <ClCompile Include="P1892.cpp">
      <Filter>源文件\AC</Filter>
    </ClCompile>
    <ClCompile Include="P2880.cpp">
      <Filter>源文件\AC</Filter>
    </ClCompile>
    <ClCompile Include="P3368.cpp">
      <Filter>源文件\AC</Filter>
    </ClCompile>
    <ClCompile Include="P3372.cpp">
      <Filter>源文件\AC</Filter>
    </ClCompile>
    <ClCompile Include="P3374.cpp">
      <Filter>源文件\AC</Filter>
    </ClCompile>
    <ClCompile Include="P3834.cpp">
      <Filter>源文件\AC</Filter>
    </ClCompile>
    <ClCompile Include="P3919.cpp">
      <Filter>源文件\AC</Filter>
    </ClCompile>
    <ClCompile Include="P5200.cpp">
      <Filter>源文件\AC</Filter>
    </ClCompile>
    <ClCompile Include="P11362.cpp">
      <Filter>源文件\AC</Filter>
    </ClCompile>
    <ClCompile Include="P1395.cpp">
      <Filter>源文件\计划中</Filter>
    </ClCompile>
    <ClCompile Include="P1972.cpp">
      <Filter>源文件\计划中</Filter>
    </ClCompile>
    <ClCompile Include="P1862.cpp">
      <Filter>源文件\计划中</Filter>
    </ClCompile>
    <ClCompile Include="P2602.cpp">
      <Filter>源文件\计划中</Filter>
    </ClCompile>
    <ClCompile Include="P2617.cpp">
      <Filter>源文件\计划中</Filter>
    </ClCompile>
    <ClCompile Include="P3369.cpp">
      <Filter>源文件\AC</Filter>
    </ClCompile>
    <ClCompile Include="P3369_splay.cpp">
      <Filter>源文件\AC</Filter>
    </ClCompile>
    <ClCompile Include="P3369_treap.cpp">
      <Filter>源文件\计划中</Filter>
    </ClCompile>
    <ClCompile Include="P3379.cpp">
      <Filter>源文件\AC</Filter>
    </ClCompile>
    <ClCompile Include="P2894.cpp">
      <Filter>源文件\AC</Filter>
    </ClCompile>
    <ClCompile Include="P2016.cpp">
      <Filter>源文件\计划中</Filter>
    </ClCompile>
    <ClCompile Include="P1440.cpp">
      <Filter>源文件\AC</Filter>
    </ClCompile>
    <ClCompile Include="P1886.cpp">
      <Filter>源文件\计划中</Filter>
    </ClCompile>
    <ClCompile Include="D:\z20260817\HSCcode\P11233.cpp">
      <Filter>源文件\计划中</Filter>
    </ClCompile>
    <ClCompile Include="D:\z20260817\code\C++\luogu\P\P3386.cpp">
      <Filter>源文件\计划中</Filter>
    </ClCompile>
    <ClCompile Include="D:\z20260817\HSCcode\P2834.cpp">
      <Filter>源文件\AC</Filter>
    </ClCompile>
    <ClCompile Include="D:\z20260817\HSCcode\P2840.cpp">
      <Filter>源文件\AC</Filter>
    </ClCompile>
    <ClCompile Include="D:\z20260817\HSCcode\P2842.cpp">
      <Filter>源文件\AC</Filter>
    </ClCompile>
    <ClCompile Include="D:\z20260817\HSCcode\P1216.cpp">
      <Filter>源文件\AC</Filter>
    </ClCompile>
    <ClCompile Include="D:\z20260817\HSCcode\P1048.cpp">
      <Filter>源文件\AC</Filter>
    </ClCompile>
    <ClCompile Include="D:\z20260817\HSCcode\P1005.cpp">
      <Filter>源文件\AC</Filter>
    </ClCompile>
    <ClCompile Include="D:\z20260817\HSCcode\P1351.cpp">
      <Filter>源文件\计划中</Filter>
    </ClCompile>
    <ClCompile Include="D:\z20260817\HSCcode\P1802.cpp">
      <Filter>源文件\计划中</Filter>
    </ClCompile>
    <ClCompile Include="P1137.cpp">
      <Filter>源文件\计划中</Filter>
    </ClCompile>
    <ClCompile Include="p1002.cpp">
      <Filter>源文件\AC</Filter>
    </ClCompile>
    <ClCompile Include="P1005.cpp">
      <Filter>源文件\AC</Filter>
    </ClCompile>
    <ClCompile Include="P1048.cpp">
      <Filter>源文件\AC</Filter>
    </ClCompile>
    <ClCompile Include="P1351.cpp">
      <Filter>源文件\AC</Filter>
    </ClCompile>
    <ClCompile Include="P1216.cpp">
      <Filter>源文件\AC</Filter>
    </ClCompile>
    <ClCompile Include="P1471.cpp">
      <Filter>源文件\AC</Filter>
    </ClCompile>
    <ClCompile Include="P1802.cpp">
      <Filter>源文件\AC</Filter>
    </ClCompile>
    <ClCompile Include="P1941.cpp">
      <Filter>源文件\AC</Filter>
    </ClCompile>
    <ClCompile Include="P2834.cpp">
      <Filter>源文件\AC</Filter>
    </ClCompile>
    <ClCompile Include="P2840.cpp">
      <Filter>源文件\AC</Filter>
    </ClCompile>
    <ClCompile Include="P2842.cpp">
      <Filter>源文件\AC</Filter>
    </ClCompile>
    <ClCompile Include="P11231.cpp">
      <Filter>源文件\AC</Filter>
    </ClCompile>
    <ClCompile Include="P11231-1.cpp">
      <Filter>源文件\AC</Filter>
    </ClCompile>
    <ClCompile Include="P11233.cpp">
      <Filter>源文件\计划中</Filter>
    </ClCompile>
  </ItemGroup>
  <ItemGroup>
    <Text Include="input.txt">
      <Filter>资源文件</Filter>
    </Text>
  </ItemGroup>
</Project>