<?xml version="1.0" encoding="utf-8"?>
<Project ToolsVersion="4.0" xmlns="http://schemas.microsoft.com/developer/msbuild/2003">
  <ItemGroup>
    <Filter Include="源文件">
      <UniqueIdentifier>{4FC737F1-C7A5-4376-A066-2A32D752A2FF}</UniqueIdentifier>
      <Extensions>cpp;c;cc;cxx;c++;cppm;ixx;def;odl;idl;hpj;bat;asm;asmx</Extensions>
    </Filter>
    <Filter Include="头文件">
      <UniqueIdentifier>{93995380-89BD-4b04-88EB-625FBE52EBFB}</UniqueIdentifier>
      <Extensions>h;hh;hpp;hxx;h++;hm;inl;inc;ipp;xsd</Extensions>
    </Filter>
    <Filter Include="资源文件">
      <UniqueIdentifier>{67DA6AB6-F800-4c08-8B7A-83BB121AAD01}</UniqueIdentifier>
      <Extensions>rc;ico;cur;bmp;dlg;rc2;rct;bin;rgs;gif;jpg;jpeg;jpe;resx;tiff;tif;png;wav;mfcribbon-ms</Extensions>
    </Filter>
    <Filter Include="源文件\AC">
      <UniqueIdentifier>{08f16058-2250-41b6-8177-8348720a1eb6}</UniqueIdentifier>
    </Filter>
    <Filter Include="源文件\计划中">
      <UniqueIdentifier>{8e94480b-e39e-4250-87c2-9d0ec23b5369}</UniqueIdentifier>
    </Filter>
  </ItemGroup>
  <ItemGroup>
    <ClCompile Include="D:\.20260622\P1005_AC.cpp">
      <Filter>源文件\AC</Filter>
    </ClCompile>
    <ClCompile Include="D:\.20260622\P1012.cpp">
      <Filter>源文件\AC</Filter>
    </ClCompile>
    <ClCompile Include="D:\.20260622\P1028.cpp">
      <Filter>源文件\AC</Filter>
    </ClCompile>
    <ClCompile Include="D:\.20260622\P1198.cpp">
      <Filter>源文件\AC</Filter>
    </ClCompile>
    <ClCompile Include="D:\.20260622\P1351_20.cpp">
      <Filter>源文件\AC</Filter>
    </ClCompile>
    <ClCompile Include="D:\.20260622\P1351_AC.cpp">
      <Filter>源文件\AC</Filter>
    </ClCompile>
    <ClCompile Include="D:\.20260622\P1359.cpp">
      <Filter>源文件\AC</Filter>
    </ClCompile>
    <ClCompile Include="D:\.20260622\P1892.cpp">
      <Filter>源文件\AC</Filter>
    </ClCompile>
    <ClCompile Include="D:\.20260622\P3368.cpp">
      <Filter>源文件\AC</Filter>
    </ClCompile>
    <ClCompile Include="D:\.20260622\P2880.cpp">
      <Filter>源文件\AC</Filter>
    </ClCompile>
    <ClCompile Include="D:\.20260622\P3372.cpp">
      <Filter>源文件\AC</Filter>
    </ClCompile>
    <ClCompile Include="D:\.20260622\P3374.cpp">
      <Filter>源文件\AC</Filter>
    </ClCompile>
    <ClCompile Include="D:\.20260622\P3834.cpp">
      <Filter>源文件\AC</Filter>
    </ClCompile>
    <ClCompile Include="D:\.20260622\P3919.cpp">
      <Filter>源文件\AC</Filter>
    </ClCompile>
    <ClCompile Include="D:\.20260622\P5200.cpp">
      <Filter>源文件\AC</Filter>
    </ClCompile>
    <ClCompile Include="D:\.20260622\P11362.cpp">
      <Filter>源文件\AC</Filter>
    </ClCompile>
    <ClCompile Include="D:\.20260622\P3379.cpp">
      <Filter>源文件\计划中</Filter>
    </ClCompile>
    <ClCompile Include="D:\.20260622\P3369_splay.cpp">
      <Filter>源文件\计划中</Filter>
    </ClCompile>
    <ClCompile Include="D:\.20260622\P3369.cpp">
      <Filter>源文件\计划中</Filter>
    </ClCompile>
    <ClCompile Include="D:\.20260622\P2617.cpp">
      <Filter>源文件\计划中</Filter>
    </ClCompile>
    <ClCompile Include="D:\.20260622\P2602.cpp">
      <Filter>源文件\计划中</Filter>
    </ClCompile>
    <ClCompile Include="D:\.20260622\P1972.cpp">
      <Filter>源文件\计划中</Filter>
    </ClCompile>
    <ClCompile Include="D:\.20260622\P1395.cpp">
      <Filter>源文件\计划中</Filter>
    </ClCompile>
    <ClCompile Include="D:\.20260622\P1862.cpp">
      <Filter>源文件\计划中</Filter>
    </ClCompile>
  </ItemGroup>
</Project>